{
  "version": 4,
  "terraform_version": "0.12.21",
  "serial": 15,
  "lineage": "a3ddda8a-d24e-4ad1-f300-f64c6f378433",
  "outputs": {},
  "resources": [
    {
      "module": "module.bootstrap",
      "mode": "managed",
      "type": "alicloud_ram_policy",
      "name": "assume_role",
      "provider": "provider.alicloud",
      "instances": [
        {
          "schema_version": 0,
          "attributes": {
            "attachment_count": 0,
            "description": "Allow Terraform user to assume its role",
            "document": "{\n  \"Statement\": [\n    {\n      \"Action\": \"sts:AssumeRole\",\n      \"Effect\": \"Allow\",\n      \"Resource\": [\"acs:ram::*:role/TerraformRole\"]\n    }\n  ],\n  \"Version\": \"1\"\n}\n",
            "force": true,
            "id": "TerraformAssumeRoleAccess",
            "name": "TerraformAssumeRoleAccess",
            "statement": [
              {
                "action": [
                  "sts:AssumeRole"
                ],
                "effect": "Allow",
                "resource": [
                  "acs:ram::*:role/TerraformRole"
                ]
              }
            ],
            "type": "Custom",
            "version": "1"
          },
          "private": "bnVsbA=="
        }
      ]
    },
    {
      "module": "module.bootstrap",
      "mode": "managed",
      "type": "alicloud_ram_role",
      "name": "terraform",
      "provider": "provider.alicloud",
      "instances": [
        {
          "schema_version": 0,
          "attributes": {
            "arn": "acs:ram::5326847730248958:role/terraformrole",
            "description": "Grant admin access to test RAM user",
            "document": "{\n    \"Statement\": [{\n            \"Action\": \"sts:AssumeRole\",\n            \"Effect\": \"Allow\",\n            \"Principal\": {\"RAM\": [\"acs:ram::5326847730248958:user/test\"]}}],\n    \"Version\": \"1\"}",
            "force": true,
            "id": "TerraformRole",
            "name": "TerraformRole",
            "ram_users": [
              "acs:ram::5326847730248958:user/test"
            ],
            "role_id": "389888980279018953",
            "services": [],
            "version": "1"
          },
          "private": "bnVsbA=="
        }
      ]
    },
    {
      "module": "module.bootstrap",
      "mode": "managed",
      "type": "alicloud_ram_role_policy_attachment",
      "name": "role_attach_policy",
      "provider": "provider.alicloud",
      "instances": [
        {
          "schema_version": 0,
          "attributes": {
            "id": "role:TerraformAssumeRoleAccess:Custom:TerraformRole",
            "policy_name": "TerraformAssumeRoleAccess",
            "policy_type": "Custom",
            "role_name": "TerraformRole"
          },
          "private": "bnVsbA==",
          "dependencies": [
            "module.bootstrap.alicloud_ram_policy.assume_role",
            "module.bootstrap.alicloud_ram_role.terraform"
          ]
        }
      ]
    },
    {
      "module": "module.bootstrap",
      "mode": "managed",
      "type": "alicloud_ram_user_policy_attachment",
      "name": "assume_role",
      "provider": "provider.alicloud",
      "instances": [
        {
          "schema_version": 0,
          "attributes": {
            "id": "user:TerraformAssumeRoleAccess:Custom:test",
            "policy_name": "TerraformAssumeRoleAccess",
            "policy_type": "Custom",
            "user_name": "test"
          },
          "private": "bnVsbA==",
          "dependencies": [
            "module.bootstrap.alicloud_ram_policy.assume_role"
          ]
        }
      ]
    }
  ]
}
